
Microsoft Visual Studio Solution File, Format Version 12.00
# Visual Studio Version 16
VisualStudioVersion = 16.0.31005.135
MinimumVisualStudioVersion = 10.0.40219.1
Project("{9A19103F-16F7-4668-BE54-9A1E7A4F7556}") = "Blazr.Database.Web", "Blazr.Database.Web\Blazr.Database.Web.csproj", "{7E11628B-1A8A-4D10-9AD5-FE9F3F9B3BC0}"
EndProject
Project("{9A19103F-16F7-4668-BE54-9A1E7A4F7556}") = "Blazr.Database", "Blazr.DataBase\Blazr.Database.csproj", "{34EC4D48-489B-480C-8484-AF33931073E6}"
EndProject
Project("{2150E333-8FDC-42A3-9474-1A3956D46DE8}") = "Solution Items", "Solution Items", "{0716823F-DB3D-4209-8F12-B6017C65F1AA}"
	ProjectSection(SolutionItems) = preProject
		EditStateControl.md = EditStateControl.md
		Readme.md = Readme.md
	EndProjectSection
EndProject
Project("{9A19103F-16F7-4668-BE54-9A1E7A4F7556}") = "Blazr.SPA", "Blazr.SPA\Blazr.SPA.csproj", "{6C68907D-AC2C-458A-AEB6-6C9B50528B2C}"
EndProject
Project("{9A19103F-16F7-4668-BE54-9A1E7A4F7556}") = "Blazr.SPA.Tests.Unit", "Blazr.SPA.Tests.Unit\Blazr.SPA.Tests.Unit.csproj", "{EF6B99E2-B487-4B2E-99B2-C2A52D4A9677}"
EndProject
Project("{9A19103F-16F7-4668-BE54-9A1E7A4F7556}") = "Blazr.Database.Tests.Unit", "Blazr.Database.Tests.Unit\Blazr.Database.Tests.Unit.csproj", "{25E42189-F14E-45AF-A734-B4AB4B7205A1}"
EndProject
Project("{9A19103F-16F7-4668-BE54-9A1E7A4F7556}") = "Blazr.UIComponents", "Blazr.UIComponents\Blazr.UIComponents.csproj", "{C537B8B2-95F8-486F-93E4-174E820AC800}"
EndProject
Project("{FAE04EC0-301F-11D3-BF4B-00C04F79EFBC}") = "Blazr.Database.Data", "Blazr.Database.Data\Blazr.Database.Data.csproj", "{CACC01DE-C829-4AA7-8CA7-BD102CDAB9C2}"
EndProject
Project("{FAE04EC0-301F-11D3-BF4B-00C04F79EFBC}") = "Blazr.Database.UI", "Blazr.Database.UI\Blazr.Database.UI.csproj", "{8217E32F-9538-4B0E-BD69-F3BBD4F33038}"
EndProject
Project("{FAE04EC0-301F-11D3-BF4B-00C04F79EFBC}") = "Blazr.Database.Core", "Blazr.Database.Core\Blazr.Database.Core.csproj", "{492B8419-442D-4BD7-A9AC-547B6ABF1AED}"
EndProject
Global
	GlobalSection(SolutionConfigurationPlatforms) = preSolution
		Debug|Any CPU = Debug|Any CPU
		Release|Any CPU = Release|Any CPU
	EndGlobalSection
	GlobalSection(ProjectConfigurationPlatforms) = postSolution
		{7E11628B-1A8A-4D10-9AD5-FE9F3F9B3BC0}.Debug|Any CPU.ActiveCfg = Debug|Any CPU
		{7E11628B-1A8A-4D10-9AD5-FE9F3F9B3BC0}.Debug|Any CPU.Build.0 = Debug|Any CPU
		{7E11628B-1A8A-4D10-9AD5-FE9F3F9B3BC0}.Release|Any CPU.ActiveCfg = Release|Any CPU
		{7E11628B-1A8A-4D10-9AD5-FE9F3F9B3BC0}.Release|Any CPU.Build.0 = Release|Any CPU
		{34EC4D48-489B-480C-8484-AF33931073E6}.Debug|Any CPU.ActiveCfg = Debug|Any CPU
		{34EC4D48-489B-480C-8484-AF33931073E6}.Debug|Any CPU.Build.0 = Debug|Any CPU
		{34EC4D48-489B-480C-8484-AF33931073E6}.Release|Any CPU.ActiveCfg = Release|Any CPU
		{34EC4D48-489B-480C-8484-AF33931073E6}.Release|Any CPU.Build.0 = Release|Any CPU
		{6C68907D-AC2C-458A-AEB6-6C9B50528B2C}.Debug|Any CPU.ActiveCfg = Debug|Any CPU
		{6C68907D-AC2C-458A-AEB6-6C9B50528B2C}.Debug|Any CPU.Build.0 = Debug|Any CPU
		{6C68907D-AC2C-458A-AEB6-6C9B50528B2C}.Release|Any CPU.ActiveCfg = Release|Any CPU
		{6C68907D-AC2C-458A-AEB6-6C9B50528B2C}.Release|Any CPU.Build.0 = Release|Any CPU
		{EF6B99E2-B487-4B2E-99B2-C2A52D4A9677}.Debug|Any CPU.ActiveCfg = Debug|Any CPU
		{EF6B99E2-B487-4B2E-99B2-C2A52D4A9677}.Debug|Any CPU.Build.0 = Debug|Any CPU
		{EF6B99E2-B487-4B2E-99B2-C2A52D4A9677}.Release|Any CPU.ActiveCfg = Release|Any CPU
		{EF6B99E2-B487-4B2E-99B2-C2A52D4A9677}.Release|Any CPU.Build.0 = Release|Any CPU
		{25E42189-F14E-45AF-A734-B4AB4B7205A1}.Debug|Any CPU.ActiveCfg = Debug|Any CPU
		{25E42189-F14E-45AF-A734-B4AB4B7205A1}.Debug|Any CPU.Build.0 = Debug|Any CPU
		{25E42189-F14E-45AF-A734-B4AB4B7205A1}.Release|Any CPU.ActiveCfg = Release|Any CPU
		{25E42189-F14E-45AF-A734-B4AB4B7205A1}.Release|Any CPU.Build.0 = Release|Any CPU
		{C537B8B2-95F8-486F-93E4-174E820AC800}.Debug|Any CPU.ActiveCfg = Debug|Any CPU
		{C537B8B2-95F8-486F-93E4-174E820AC800}.Debug|Any CPU.Build.0 = Debug|Any CPU
		{C537B8B2-95F8-486F-93E4-174E820AC800}.Release|Any CPU.ActiveCfg = Release|Any CPU
		{C537B8B2-95F8-486F-93E4-174E820AC800}.Release|Any CPU.Build.0 = Release|Any CPU
		{CACC01DE-C829-4AA7-8CA7-BD102CDAB9C2}.Debug|Any CPU.ActiveCfg = Debug|Any CPU
		{CACC01DE-C829-4AA7-8CA7-BD102CDAB9C2}.Debug|Any CPU.Build.0 = Debug|Any CPU
		{CACC01DE-C829-4AA7-8CA7-BD102CDAB9C2}.Release|Any CPU.ActiveCfg = Release|Any CPU
		{CACC01DE-C829-4AA7-8CA7-BD102CDAB9C2}.Release|Any CPU.Build.0 = Release|Any CPU
		{8217E32F-9538-4B0E-BD69-F3BBD4F33038}.Debug|Any CPU.ActiveCfg = Debug|Any CPU
		{8217E32F-9538-4B0E-BD69-F3BBD4F33038}.Debug|Any CPU.Build.0 = Debug|Any CPU
		{8217E32F-9538-4B0E-BD69-F3BBD4F33038}.Release|Any CPU.ActiveCfg = Release|Any CPU
		{8217E32F-9538-4B0E-BD69-F3BBD4F33038}.Release|Any CPU.Build.0 = Release|Any CPU
		{492B8419-442D-4BD7-A9AC-547B6ABF1AED}.Debug|Any CPU.ActiveCfg = Debug|Any CPU
		{492B8419-442D-4BD7-A9AC-547B6ABF1AED}.Debug|Any CPU.Build.0 = Debug|Any CPU
		{492B8419-442D-4BD7-A9AC-547B6ABF1AED}.Release|Any CPU.ActiveCfg = Release|Any CPU
		{492B8419-442D-4BD7-A9AC-547B6ABF1AED}.Release|Any CPU.Build.0 = Release|Any CPU
	EndGlobalSection
	GlobalSection(SolutionProperties) = preSolution
		HideSolutionNode = FALSE
	EndGlobalSection
	GlobalSection(ExtensibilityGlobals) = postSolution
		SolutionGuid = {685D954F-3D30-4B67-B4CC-BE0DEB2BA4F9}
	EndGlobalSection
EndGlobal
